<?xml version="1.0" encoding="utf-8"?>
<Project ToolsVersion="4.0" xmlns="http://schemas.microsoft.com/developer/msbuild/2003">
  <ItemGroup>
    <CustomBuild Include="CMakeFiles\3158270fd0e4d8506c460ecbc50b9c67\INSTALL_force.rule">
      <Filter>CMake Rules</Filter>
    </CustomBuild>
  </ItemGroup>
  <ItemGroup>
    <Filter Include="CMake Rules">
      <UniqueIdentifier>{86A445E0-0D6F-40AF-BE2B-2D93D10B6AD2}</UniqueIdentifier>
    </Filter>
  </ItemGroup>
</Project>
