
Microsoft Visual Studio Solution File, Format Version 11.00
# Visual Studio 2010
Project("{8BC9CEB8-8B4A-11D0-8D11-00A0C91BC942}") = "Renderer", "Renderer\Renderer.vcxproj", "{7727742D-283E-487A-9172-C676743B68C3}"
EndProject
Project("{8BC9CEB8-8B4A-11D0-8D11-00A0C91BC942}") = "Pet1", "Main\Pet1.vcxproj", "{BAF820DB-B1BB-3BEA-00C1-BE51FF5E544E}"
EndProject
Global
	GlobalSection(SolutionConfigurationPlatforms) = preSolution
		Debug|Win32 = Debug|Win32
		Release|Win32 = Release|Win32
	EndGlobalSection
	GlobalSection(ProjectConfigurationPlatforms) = postSolution
		{7727742D-283E-487A-9172-C676743B68C3}.Debug|Win32.ActiveCfg = Debug|Win32
		{7727742D-283E-487A-9172-C676743B68C3}.Debug|Win32.Build.0 = Debug|Win32
		{7727742D-283E-487A-9172-C676743B68C3}.Release|Win32.ActiveCfg = Release|Win32
		{7727742D-283E-487A-9172-C676743B68C3}.Release|Win32.Build.0 = Release|Win32
		{BAF820DB-B1BB-3BEA-00C1-BE51FF5E544E}.Debug|Win32.ActiveCfg = Debug|Win32
		{BAF820DB-B1BB-3BEA-00C1-BE51FF5E544E}.Debug|Win32.Build.0 = Debug|Win32
		{BAF820DB-B1BB-3BEA-00C1-BE51FF5E544E}.Release|Win32.ActiveCfg = Release|Win32
		{BAF820DB-B1BB-3BEA-00C1-BE51FF5E544E}.Release|Win32.Build.0 = Release|Win32
	EndGlobalSection
	GlobalSection(SolutionProperties) = preSolution
		HideSolutionNode = FALSE
	EndGlobalSection
EndGlobal
