<?xml version="1.0" encoding="utf-8"?>
<Project ToolsVersion="4.0" xmlns="http://schemas.microsoft.com/developer/msbuild/2003">
  <ItemGroup>
    <ClCompile Include="Assimp.cpp">
      <Filter>Source Files</Filter>
    </ClCompile>
    <ClCompile Include="AssimpPCH.cpp">
      <Filter>Source Files</Filter>
    </ClCompile>
    <ClCompile Include="BaseImporter.cpp">
      <Filter>Common</Filter>
    </ClCompile>
    <ClCompile Include="BaseProcess.cpp">
      <Filter>Common</Filter>
    </ClCompile>
    <ClCompile Include="PostStepRegistry.cpp">
      <Filter>Common</Filter>
    </ClCompile>
    <ClCompile Include="ImporterRegistry.cpp">
      <Filter>Common</Filter>
    </ClCompile>
    <ClCompile Include="DefaultIOStream.cpp">
      <Filter>Common</Filter>
    </ClCompile>
    <ClCompile Include="DefaultIOSystem.cpp">
      <Filter>Common</Filter>
    </ClCompile>
    <ClCompile Include="Importer.cpp">
      <Filter>Common</Filter>
    </ClCompile>
    <ClCompile Include="SGSpatialSort.cpp">
      <Filter>Common</Filter>
    </ClCompile>
    <ClCompile Include="VertexTriangleAdjacency.cpp">
      <Filter>Common</Filter>
    </ClCompile>
    <ClCompile Include="SpatialSort.cpp">
      <Filter>Common</Filter>
    </ClCompile>
    <ClCompile Include="SceneCombiner.cpp">
      <Filter>Common</Filter>
    </ClCompile>
    <ClCompile Include="ScenePreprocessor.cpp">
      <Filter>Common</Filter>
    </ClCompile>
    <ClCompile Include="SkeletonMeshBuilder.cpp">
      <Filter>Common</Filter>
    </ClCompile>
    <ClCompile Include="SplitByBoneCountProcess.cpp">
      <Filter>Common</Filter>
    </ClCompile>
    <ClCompile Include="StandardShapes.cpp">
      <Filter>Common</Filter>
    </ClCompile>
    <ClCompile Include="TargetAnimation.cpp">
      <Filter>Common</Filter>
    </ClCompile>
    <ClCompile Include="RemoveComments.cpp">
      <Filter>Common</Filter>
    </ClCompile>
    <ClCompile Include="Subdivision.cpp">
      <Filter>Common</Filter>
    </ClCompile>
    <ClCompile Include="DefaultLogger.cpp">
      <Filter>Logging</Filter>
    </ClCompile>
    <ClCompile Include="Exporter.cpp">
      <Filter>Exporter</Filter>
    </ClCompile>
    <ClCompile Include="AssimpCExport.cpp">
      <Filter>Exporter</Filter>
    </ClCompile>
    <ClCompile Include="CalcTangentsProcess.cpp">
      <Filter>PostProcessing</Filter>
    </ClCompile>
    <ClCompile Include="ComputeUVMappingProcess.cpp">
      <Filter>PostProcessing</Filter>
    </ClCompile>
    <ClCompile Include="ConvertToLHProcess.cpp">
      <Filter>PostProcessing</Filter>
    </ClCompile>
    <ClCompile Include="FindDegenerates.cpp">
      <Filter>PostProcessing</Filter>
    </ClCompile>
    <ClCompile Include="FindInstancesProcess.cpp">
      <Filter>PostProcessing</Filter>
    </ClCompile>
    <ClCompile Include="FindInvalidDataProcess.cpp">
      <Filter>PostProcessing</Filter>
    </ClCompile>
    <ClCompile Include="FixNormalsStep.cpp">
      <Filter>PostProcessing</Filter>
    </ClCompile>
    <ClCompile Include="GenFaceNormalsProcess.cpp">
      <Filter>PostProcessing</Filter>
    </ClCompile>
    <ClCompile Include="GenVertexNormalsProcess.cpp">
      <Filter>PostProcessing</Filter>
    </ClCompile>
    <ClCompile Include="PretransformVertices.cpp">
      <Filter>PostProcessing</Filter>
    </ClCompile>
    <ClCompile Include="ImproveCacheLocality.cpp">
      <Filter>PostProcessing</Filter>
    </ClCompile>
    <ClCompile Include="JoinVerticesProcess.cpp">
      <Filter>PostProcessing</Filter>
    </ClCompile>
    <ClCompile Include="LimitBoneWeightsProcess.cpp">
      <Filter>PostProcessing</Filter>
    </ClCompile>
    <ClCompile Include="RemoveRedundantMaterials.cpp">
      <Filter>PostProcessing</Filter>
    </ClCompile>
    <ClCompile Include="RemoveVCProcess.cpp">
      <Filter>PostProcessing</Filter>
    </ClCompile>
    <ClCompile Include="SortByPTypeProcess.cpp">
      <Filter>PostProcessing</Filter>
    </ClCompile>
    <ClCompile Include="SplitLargeMeshes.cpp">
      <Filter>PostProcessing</Filter>
    </ClCompile>
    <ClCompile Include="TerragenLoader.cpp">
      <Filter>PostProcessing</Filter>
    </ClCompile>
    <ClCompile Include="TextureTransform.cpp">
      <Filter>PostProcessing</Filter>
    </ClCompile>
    <ClCompile Include="TriangulateProcess.cpp">
      <Filter>PostProcessing</Filter>
    </ClCompile>
    <ClCompile Include="ValidateDataStructure.cpp">
      <Filter>PostProcessing</Filter>
    </ClCompile>
    <ClCompile Include="OptimizeGraph.cpp">
      <Filter>PostProcessing</Filter>
    </ClCompile>
    <ClCompile Include="OptimizeMeshes.cpp">
      <Filter>PostProcessing</Filter>
    </ClCompile>
    <ClCompile Include="DeboneProcess.cpp">
      <Filter>PostProcessing</Filter>
    </ClCompile>
    <ClCompile Include="ProcessHelper.cpp">
      <Filter>PostProcessing</Filter>
    </ClCompile>
    <ClCompile Include="MakeVerboseFormat.cpp">
      <Filter>PostProcessing</Filter>
    </ClCompile>
    <ClCompile Include="3DSConverter.cpp">
      <Filter>3DS</Filter>
    </ClCompile>
    <ClCompile Include="3DSLoader.cpp">
      <Filter>3DS</Filter>
    </ClCompile>
    <ClCompile Include="ACLoader.cpp">
      <Filter>AC</Filter>
    </ClCompile>
    <ClCompile Include="ASELoader.cpp">
      <Filter>ASE</Filter>
    </ClCompile>
    <ClCompile Include="ASEParser.cpp">
      <Filter>ASE</Filter>
    </ClCompile>
    <ClCompile Include="B3DImporter.cpp">
      <Filter>B3D</Filter>
    </ClCompile>
    <ClCompile Include="BVHLoader.cpp">
      <Filter>BVH</Filter>
    </ClCompile>
    <ClCompile Include="ColladaLoader.cpp">
      <Filter>Collada</Filter>
    </ClCompile>
    <ClCompile Include="ColladaParser.cpp">
      <Filter>Collada</Filter>
    </ClCompile>
    <ClCompile Include="ColladaExporter.cpp">
      <Filter>Collada</Filter>
    </ClCompile>
    <ClCompile Include="DXFLoader.cpp">
      <Filter>DXF</Filter>
    </ClCompile>
    <ClCompile Include="CSMLoader.cpp">
      <Filter>CSM</Filter>
    </ClCompile>
    <ClCompile Include="HMPLoader.cpp">
      <Filter>HMP</Filter>
    </ClCompile>
    <ClCompile Include="IRRLoader.cpp">
      <Filter>Irr</Filter>
    </ClCompile>
    <ClCompile Include="IRRMeshLoader.cpp">
      <Filter>Irr</Filter>
    </ClCompile>
    <ClCompile Include="IRRShared.cpp">
      <Filter>Irr</Filter>
    </ClCompile>
    <ClCompile Include="LWOAnimation.cpp">
      <Filter>LWO</Filter>
    </ClCompile>
    <ClCompile Include="LWOBLoader.cpp">
      <Filter>LWO</Filter>
    </ClCompile>
    <ClCompile Include="LWOLoader.cpp">
      <Filter>LWO</Filter>
    </ClCompile>
    <ClCompile Include="LWOMaterial.cpp">
      <Filter>LWO</Filter>
    </ClCompile>
    <ClCompile Include="LWSLoader.cpp">
      <Filter>LWS</Filter>
    </ClCompile>
    <ClCompile Include="M3Importer.cpp">
      <Filter>M3</Filter>
    </ClCompile>
    <ClCompile Include="MD2Loader.cpp">
      <Filter>MD2</Filter>
    </ClCompile>
    <ClCompile Include="MD3Loader.cpp">
      <Filter>MD3</Filter>
    </ClCompile>
    <ClCompile Include="MD5Loader.cpp">
      <Filter>MD5</Filter>
    </ClCompile>
    <ClCompile Include="MD5Parser.cpp">
      <Filter>MD5</Filter>
    </ClCompile>
    <ClCompile Include="MDCLoader.cpp">
      <Filter>MDC</Filter>
    </ClCompile>
    <ClCompile Include="MDLLoader.cpp">
      <Filter>MDL</Filter>
    </ClCompile>
    <ClCompile Include="MDLMaterialLoader.cpp">
      <Filter>MDL</Filter>
    </ClCompile>
    <ClCompile Include="MaterialSystem.cpp">
      <Filter>MaterialSystem</Filter>
    </ClCompile>
    <ClCompile Include="NFFLoader.cpp">
      <Filter>NFF</Filter>
    </ClCompile>
    <ClCompile Include="OFFLoader.cpp">
      <Filter>OFFFormat</Filter>
    </ClCompile>
    <ClCompile Include="ObjFileImporter.cpp">
      <Filter>Obj</Filter>
    </ClCompile>
    <ClCompile Include="ObjFileMtlImporter.cpp">
      <Filter>Obj</Filter>
    </ClCompile>
    <ClCompile Include="ObjFileParser.cpp">
      <Filter>Obj</Filter>
    </ClCompile>
    <ClCompile Include="ObjExporter.cpp">
      <Filter>Obj</Filter>
    </ClCompile>
    <ClCompile Include="OgreImporter.cpp">
      <Filter>Ogre</Filter>
    </ClCompile>
    <ClCompile Include="OgreMaterial.cpp">
      <Filter>Ogre</Filter>
    </ClCompile>
    <ClCompile Include="OgreMesh.cpp">
      <Filter>Ogre</Filter>
    </ClCompile>
    <ClCompile Include="OgreSkeleton.cpp">
      <Filter>Ogre</Filter>
    </ClCompile>
    <ClCompile Include="PlyLoader.cpp">
      <Filter>Ply</Filter>
    </ClCompile>
    <ClCompile Include="PlyParser.cpp">
      <Filter>Ply</Filter>
    </ClCompile>
    <ClCompile Include="PlyExporter.cpp">
      <Filter>Ply</Filter>
    </ClCompile>
    <ClCompile Include="Q3DLoader.cpp">
      <Filter>Q3D</Filter>
    </ClCompile>
    <ClCompile Include="Q3BSPFileParser.cpp">
      <Filter>Q3BSP</Filter>
    </ClCompile>
    <ClCompile Include="Q3BSPFileImporter.cpp">
      <Filter>Q3BSP</Filter>
    </ClCompile>
    <ClCompile Include="Q3BSPZipArchive.cpp">
      <Filter>Q3BSP</Filter>
    </ClCompile>
    <ClCompile Include="RawLoader.cpp">
      <Filter>Raw</Filter>
    </ClCompile>
    <ClCompile Include="SMDLoader.cpp">
      <Filter>SMD</Filter>
    </ClCompile>
    <ClCompile Include="STLLoader.cpp">
      <Filter>STL</Filter>
    </ClCompile>
    <ClCompile Include="STLExporter.cpp">
      <Filter>STL</Filter>
    </ClCompile>
    <ClCompile Include="UnrealLoader.cpp">
      <Filter>Unreal</Filter>
    </ClCompile>
    <ClCompile Include="XFileImporter.cpp">
      <Filter>XFile</Filter>
    </ClCompile>
    <ClCompile Include="XFileParser.cpp">
      <Filter>XFile</Filter>
    </ClCompile>
    <ClCompile Include="MS3DLoader.cpp">
      <Filter>MS3D</Filter>
    </ClCompile>
    <ClCompile Include="COBLoader.cpp">
      <Filter>COB</Filter>
    </ClCompile>
    <ClCompile Include="BlenderLoader.cpp">
      <Filter>BLENDER</Filter>
    </ClCompile>
    <ClCompile Include="BlenderDNA.cpp">
      <Filter>BLENDER</Filter>
    </ClCompile>
    <ClCompile Include="BlenderScene.cpp">
      <Filter>BLENDER</Filter>
    </ClCompile>
    <ClCompile Include="BlenderModifier.cpp">
      <Filter>BLENDER</Filter>
    </ClCompile>
    <ClCompile Include="NDOLoader.cpp">
      <Filter>NDO</Filter>
    </ClCompile>
    <ClCompile Include="IFCLoader.cpp">
      <Filter>IFC</Filter>
    </ClCompile>
    <ClCompile Include="IFCReaderGen.cpp">
      <Filter>IFC</Filter>
    </ClCompile>
    <ClCompile Include="IFCUtil.cpp">
      <Filter>IFC</Filter>
    </ClCompile>
    <ClCompile Include="IFCGeometry.cpp">
      <Filter>IFC</Filter>
    </ClCompile>
    <ClCompile Include="IFCMaterial.cpp">
      <Filter>IFC</Filter>
    </ClCompile>
    <ClCompile Include="IFCProfile.cpp">
      <Filter>IFC</Filter>
    </ClCompile>
    <ClCompile Include="IFCCurve.cpp">
      <Filter>IFC</Filter>
    </ClCompile>
    <ClCompile Include="STEPFileReader.cpp">
      <Filter>IFC</Filter>
    </ClCompile>
    <ClCompile Include="XGLLoader.cpp">
      <Filter>XGL</Filter>
    </ClCompile>
    <ClCompile Include="..\contrib\irrXML\irrXML.cpp">
      <Filter>IrrXML</Filter>
    </ClCompile>
    <ClCompile Include="..\contrib\ConvertUTF\ConvertUTF.c">
      <Filter>ConvertUTF</Filter>
    </ClCompile>
    <ClCompile Include="..\contrib\unzip\ioapi.c">
      <Filter>unzip</Filter>
    </ClCompile>
    <ClCompile Include="..\contrib\unzip\unzip.c">
      <Filter>unzip</Filter>
    </ClCompile>
    <ClCompile Include="..\contrib\poly2tri\poly2tri\common\shapes.cc">
      <Filter>Poly2Tri</Filter>
    </ClCompile>
    <ClCompile Include="..\contrib\poly2tri\poly2tri\sweep\advancing_front.cc">
      <Filter>Poly2Tri</Filter>
    </ClCompile>
    <ClCompile Include="..\contrib\poly2tri\poly2tri\sweep\cdt.cc">
      <Filter>Poly2Tri</Filter>
    </ClCompile>
    <ClCompile Include="..\contrib\poly2tri\poly2tri\sweep\sweep.cc">
      <Filter>Poly2Tri</Filter>
    </ClCompile>
    <ClCompile Include="..\contrib\poly2tri\poly2tri\sweep\sweep_context.cc">
      <Filter>Poly2Tri</Filter>
    </ClCompile>
    <ClCompile Include="..\contrib\clipper\clipper.cpp">
      <Filter>Clipper</Filter>
    </ClCompile>
  </ItemGroup>
  <ItemGroup>
    <ClInclude Include="AssimpPCH.h">
      <Filter>Header Files</Filter>
    </ClInclude>
    <ClInclude Include="fast_atof.h">
      <Filter>Common</Filter>
    </ClInclude>
    <ClInclude Include="qnan.h">
      <Filter>Common</Filter>
    </ClInclude>
    <ClInclude Include="BaseImporter.h">
      <Filter>Common</Filter>
    </ClInclude>
    <ClInclude Include="BaseProcess.h">
      <Filter>Common</Filter>
    </ClInclude>
    <ClInclude Include="Importer.h">
      <Filter>Common</Filter>
    </ClInclude>
    <ClInclude Include="ScenePrivate.h">
      <Filter>Common</Filter>
    </ClInclude>
    <ClInclude Include="ByteSwap.h">
      <Filter>Common</Filter>
    </ClInclude>
    <ClInclude Include="DefaultProgressHandler.h">
      <Filter>Common</Filter>
    </ClInclude>
    <ClInclude Include="DefaultIOStream.h">
      <Filter>Common</Filter>
    </ClInclude>
    <ClInclude Include="DefaultIOSystem.h">
      <Filter>Common</Filter>
    </ClInclude>
    <ClInclude Include="CInterfaceIOWrapper.h">
      <Filter>Common</Filter>
    </ClInclude>
    <ClInclude Include="Hash.h">
      <Filter>Common</Filter>
    </ClInclude>
    <ClInclude Include="IFF.h">
      <Filter>Common</Filter>
    </ClInclude>
    <ClInclude Include="ParsingUtils.h">
      <Filter>Common</Filter>
    </ClInclude>
    <ClInclude Include="StdOStreamLogStream.h">
      <Filter>Common</Filter>
    </ClInclude>
    <ClInclude Include="StreamReader.h">
      <Filter>Common</Filter>
    </ClInclude>
    <ClInclude Include="StringComparison.h">
      <Filter>Common</Filter>
    </ClInclude>
    <ClInclude Include="SGSpatialSort.h">
      <Filter>Common</Filter>
    </ClInclude>
    <ClInclude Include="VertexTriangleAdjacency.h">
      <Filter>Common</Filter>
    </ClInclude>
    <ClInclude Include="GenericProperty.h">
      <Filter>Common</Filter>
    </ClInclude>
    <ClInclude Include="SpatialSort.h">
      <Filter>Common</Filter>
    </ClInclude>
    <ClInclude Include="SceneCombiner.h">
      <Filter>Common</Filter>
    </ClInclude>
    <ClInclude Include="ScenePreprocessor.h">
      <Filter>Common</Filter>
    </ClInclude>
    <ClInclude Include="SkeletonMeshBuilder.h">
      <Filter>Common</Filter>
    </ClInclude>
    <ClInclude Include="SplitByBoneCountProcess.h">
      <Filter>Common</Filter>
    </ClInclude>
    <ClInclude Include="SmoothingGroups.h">
      <Filter>Common</Filter>
    </ClInclude>
    <ClInclude Include="StandardShapes.h">
      <Filter>Common</Filter>
    </ClInclude>
    <ClInclude Include="TargetAnimation.h">
      <Filter>Common</Filter>
    </ClInclude>
    <ClInclude Include="RemoveComments.h">
      <Filter>Common</Filter>
    </ClInclude>
    <ClInclude Include="Subdivision.h">
      <Filter>Common</Filter>
    </ClInclude>
    <ClInclude Include="Vertex.h">
      <Filter>Common</Filter>
    </ClInclude>
    <ClInclude Include="LineSplitter.h">
      <Filter>Common</Filter>
    </ClInclude>
    <ClInclude Include="TinyFormatter.h">
      <Filter>Common</Filter>
    </ClInclude>
    <ClInclude Include="Profiler.h">
      <Filter>Common</Filter>
    </ClInclude>
    <ClInclude Include="LogAux.h">
      <Filter>Common</Filter>
    </ClInclude>
    <ClInclude Include="..\include\assimp\DefaultLogger.hpp">
      <Filter>Logging</Filter>
    </ClInclude>
    <ClInclude Include="..\include\assimp\IOStream.hpp">
      <Filter>Logging</Filter>
    </ClInclude>
    <ClInclude Include="..\include\assimp\LogStream.hpp">
      <Filter>Logging</Filter>
    </ClInclude>
    <ClInclude Include="..\include\assimp\Logger.hpp">
      <Filter>Logging</Filter>
    </ClInclude>
    <ClInclude Include="..\include\assimp\NullLogger.hpp">
      <Filter>Logging</Filter>
    </ClInclude>
    <ClInclude Include="Win32DebugLogStream.h">
      <Filter>Logging</Filter>
    </ClInclude>
    <ClInclude Include="FileLogStream.h">
      <Filter>Logging</Filter>
    </ClInclude>
    <ClInclude Include="BlobIOSystem.h">
      <Filter>Exporter</Filter>
    </ClInclude>
    <ClInclude Include="CalcTangentsProcess.h">
      <Filter>PostProcessing</Filter>
    </ClInclude>
    <ClInclude Include="ComputeUVMappingProcess.h">
      <Filter>PostProcessing</Filter>
    </ClInclude>
    <ClInclude Include="ConvertToLHProcess.h">
      <Filter>PostProcessing</Filter>
    </ClInclude>
    <ClInclude Include="FindDegenerates.h">
      <Filter>PostProcessing</Filter>
    </ClInclude>
    <ClInclude Include="FindInstancesProcess.h">
      <Filter>PostProcessing</Filter>
    </ClInclude>
    <ClInclude Include="FindInvalidDataProcess.h">
      <Filter>PostProcessing</Filter>
    </ClInclude>
    <ClInclude Include="FixNormalsStep.h">
      <Filter>PostProcessing</Filter>
    </ClInclude>
    <ClInclude Include="GenFaceNormalsProcess.h">
      <Filter>PostProcessing</Filter>
    </ClInclude>
    <ClInclude Include="GenVertexNormalsProcess.h">
      <Filter>PostProcessing</Filter>
    </ClInclude>
    <ClInclude Include="PretransformVertices.h">
      <Filter>PostProcessing</Filter>
    </ClInclude>
    <ClInclude Include="ImproveCacheLocality.h">
      <Filter>PostProcessing</Filter>
    </ClInclude>
    <ClInclude Include="JoinVerticesProcess.h">
      <Filter>PostProcessing</Filter>
    </ClInclude>
    <ClInclude Include="LimitBoneWeightsProcess.h">
      <Filter>PostProcessing</Filter>
    </ClInclude>
    <ClInclude Include="RemoveRedundantMaterials.h">
      <Filter>PostProcessing</Filter>
    </ClInclude>
    <ClInclude Include="RemoveVCProcess.h">
      <Filter>PostProcessing</Filter>
    </ClInclude>
    <ClInclude Include="SortByPTypeProcess.h">
      <Filter>PostProcessing</Filter>
    </ClInclude>
    <ClInclude Include="SplitLargeMeshes.h">
      <Filter>PostProcessing</Filter>
    </ClInclude>
    <ClInclude Include="TerragenLoader.h">
      <Filter>PostProcessing</Filter>
    </ClInclude>
    <ClInclude Include="TextureTransform.h">
      <Filter>PostProcessing</Filter>
    </ClInclude>
    <ClInclude Include="TriangulateProcess.h">
      <Filter>PostProcessing</Filter>
    </ClInclude>
    <ClInclude Include="ValidateDataStructure.h">
      <Filter>PostProcessing</Filter>
    </ClInclude>
    <ClInclude Include="OptimizeGraph.h">
      <Filter>PostProcessing</Filter>
    </ClInclude>
    <ClInclude Include="OptimizeMeshes.h">
      <Filter>PostProcessing</Filter>
    </ClInclude>
    <ClInclude Include="DeboneProcess.h">
      <Filter>PostProcessing</Filter>
    </ClInclude>
    <ClInclude Include="ProcessHelper.h">
      <Filter>PostProcessing</Filter>
    </ClInclude>
    <ClInclude Include="PolyTools.h">
      <Filter>PostProcessing</Filter>
    </ClInclude>
    <ClInclude Include="MakeVerboseFormat.h">
      <Filter>PostProcessing</Filter>
    </ClInclude>
    <ClInclude Include="3DSHelper.h">
      <Filter>3DS</Filter>
    </ClInclude>
    <ClInclude Include="3DSLoader.h">
      <Filter>3DS</Filter>
    </ClInclude>
    <ClInclude Include="ACLoader.h">
      <Filter>AC</Filter>
    </ClInclude>
    <ClInclude Include="ASELoader.h">
      <Filter>ASE</Filter>
    </ClInclude>
    <ClInclude Include="ASEParser.h">
      <Filter>ASE</Filter>
    </ClInclude>
    <ClInclude Include="B3DImporter.h">
      <Filter>B3D</Filter>
    </ClInclude>
    <ClInclude Include="BVHLoader.h">
      <Filter>BVH</Filter>
    </ClInclude>
    <ClInclude Include="ColladaHelper.h">
      <Filter>Collada</Filter>
    </ClInclude>
    <ClInclude Include="ColladaLoader.h">
      <Filter>Collada</Filter>
    </ClInclude>
    <ClInclude Include="ColladaParser.h">
      <Filter>Collada</Filter>
    </ClInclude>
    <ClInclude Include="ColladaExporter.h">
      <Filter>Collada</Filter>
    </ClInclude>
    <ClInclude Include="DXFLoader.h">
      <Filter>DXF</Filter>
    </ClInclude>
    <ClInclude Include="DXFHelper.h">
      <Filter>DXF</Filter>
    </ClInclude>
    <ClInclude Include="CSMLoader.h">
      <Filter>CSM</Filter>
    </ClInclude>
    <ClInclude Include="HMPFileData.h">
      <Filter>HMP</Filter>
    </ClInclude>
    <ClInclude Include="HMPLoader.h">
      <Filter>HMP</Filter>
    </ClInclude>
    <ClInclude Include="HalfLifeFileData.h">
      <Filter>HMP</Filter>
    </ClInclude>
    <ClInclude Include="IRRLoader.h">
      <Filter>Irr</Filter>
    </ClInclude>
    <ClInclude Include="IRRMeshLoader.h">
      <Filter>Irr</Filter>
    </ClInclude>
    <ClInclude Include="IRRShared.h">
      <Filter>Irr</Filter>
    </ClInclude>
    <ClInclude Include="LWOAnimation.h">
      <Filter>LWO</Filter>
    </ClInclude>
    <ClInclude Include="LWOFileData.h">
      <Filter>LWO</Filter>
    </ClInclude>
    <ClInclude Include="LWOLoader.h">
      <Filter>LWO</Filter>
    </ClInclude>
    <ClInclude Include="LWSLoader.h">
      <Filter>LWS</Filter>
    </ClInclude>
    <ClInclude Include="M3Importer.h">
      <Filter>M3</Filter>
    </ClInclude>
    <ClInclude Include="MD2FileData.h">
      <Filter>MD2</Filter>
    </ClInclude>
    <ClInclude Include="MD2Loader.h">
      <Filter>MD2</Filter>
    </ClInclude>
    <ClInclude Include="MD2NormalTable.h">
      <Filter>MD2</Filter>
    </ClInclude>
    <ClInclude Include="MD3FileData.h">
      <Filter>MD3</Filter>
    </ClInclude>
    <ClInclude Include="MD3Loader.h">
      <Filter>MD3</Filter>
    </ClInclude>
    <ClInclude Include="MD5Loader.h">
      <Filter>MD5</Filter>
    </ClInclude>
    <ClInclude Include="MD5Parser.h">
      <Filter>MD5</Filter>
    </ClInclude>
    <ClInclude Include="MDCFileData.h">
      <Filter>MDC</Filter>
    </ClInclude>
    <ClInclude Include="MDCLoader.h">
      <Filter>MDC</Filter>
    </ClInclude>
    <ClInclude Include="MDCNormalTable.h">
      <Filter>MDC</Filter>
    </ClInclude>
    <ClInclude Include="MDLDefaultColorMap.h">
      <Filter>MDL</Filter>
    </ClInclude>
    <ClInclude Include="MDLFileData.h">
      <Filter>MDL</Filter>
    </ClInclude>
    <ClInclude Include="MDLLoader.h">
      <Filter>MDL</Filter>
    </ClInclude>
    <ClInclude Include="MaterialSystem.h">
      <Filter>MaterialSystem</Filter>
    </ClInclude>
    <ClInclude Include="NFFLoader.h">
      <Filter>NFF</Filter>
    </ClInclude>
    <ClInclude Include="OFFLoader.h">
      <Filter>OFFFormat</Filter>
    </ClInclude>
    <ClInclude Include="ObjFileData.h">
      <Filter>Obj</Filter>
    </ClInclude>
    <ClInclude Include="ObjFileImporter.h">
      <Filter>Obj</Filter>
    </ClInclude>
    <ClInclude Include="ObjFileMtlImporter.h">
      <Filter>Obj</Filter>
    </ClInclude>
    <ClInclude Include="ObjFileParser.h">
      <Filter>Obj</Filter>
    </ClInclude>
    <ClInclude Include="ObjTools.h">
      <Filter>Obj</Filter>
    </ClInclude>
    <ClInclude Include="ObjExporter.h">
      <Filter>Obj</Filter>
    </ClInclude>
    <ClInclude Include="OgreImporter.hpp">
      <Filter>Ogre</Filter>
    </ClInclude>
    <ClInclude Include="OgreXmlHelper.hpp">
      <Filter>Ogre</Filter>
    </ClInclude>
    <ClInclude Include="PlyLoader.h">
      <Filter>Ply</Filter>
    </ClInclude>
    <ClInclude Include="PlyParser.h">
      <Filter>Ply</Filter>
    </ClInclude>
    <ClInclude Include="PlyExporter.h">
      <Filter>Ply</Filter>
    </ClInclude>
    <ClInclude Include="Q3DLoader.h">
      <Filter>Q3D</Filter>
    </ClInclude>
    <ClInclude Include="Q3BSPFileData.h">
      <Filter>Q3BSP</Filter>
    </ClInclude>
    <ClInclude Include="Q3BSPFileParser.h">
      <Filter>Q3BSP</Filter>
    </ClInclude>
    <ClInclude Include="Q3BSPFileImporter.h">
      <Filter>Q3BSP</Filter>
    </ClInclude>
    <ClInclude Include="Q3BSPZipArchive.h">
      <Filter>Q3BSP</Filter>
    </ClInclude>
    <ClInclude Include="RawLoader.h">
      <Filter>Raw</Filter>
    </ClInclude>
    <ClInclude Include="SMDLoader.h">
      <Filter>SMD</Filter>
    </ClInclude>
    <ClInclude Include="STLLoader.h">
      <Filter>STL</Filter>
    </ClInclude>
    <ClInclude Include="STLExporter.h">
      <Filter>STL</Filter>
    </ClInclude>
    <ClInclude Include="UnrealLoader.h">
      <Filter>Unreal</Filter>
    </ClInclude>
    <ClInclude Include="XFileHelper.h">
      <Filter>XFile</Filter>
    </ClInclude>
    <ClInclude Include="XFileImporter.h">
      <Filter>XFile</Filter>
    </ClInclude>
    <ClInclude Include="XFileParser.h">
      <Filter>XFile</Filter>
    </ClInclude>
    <ClInclude Include="MD4FileData.h">
      <Filter>Extra</Filter>
    </ClInclude>
    <ClInclude Include="MS3DLoader.h">
      <Filter>MS3D</Filter>
    </ClInclude>
    <ClInclude Include="COBLoader.h">
      <Filter>COB</Filter>
    </ClInclude>
    <ClInclude Include="COBScene.h">
      <Filter>COB</Filter>
    </ClInclude>
    <ClInclude Include="BlenderLoader.h">
      <Filter>BLENDER</Filter>
    </ClInclude>
    <ClInclude Include="BlenderDNA.h">
      <Filter>BLENDER</Filter>
    </ClInclude>
    <ClInclude Include="BlenderDNA.inl">
      <Filter>BLENDER</Filter>
    </ClInclude>
    <ClInclude Include="BlenderScene.h">
      <Filter>BLENDER</Filter>
    </ClInclude>
    <ClInclude Include="BlenderSceneGen.h">
      <Filter>BLENDER</Filter>
    </ClInclude>
    <ClInclude Include="BlenderIntermediate.h">
      <Filter>BLENDER</Filter>
    </ClInclude>
    <ClInclude Include="BlenderModifier.h">
      <Filter>BLENDER</Filter>
    </ClInclude>
    <ClInclude Include="NDOLoader.h">
      <Filter>NDO</Filter>
    </ClInclude>
    <ClInclude Include="IFCLoader.h">
      <Filter>IFC</Filter>
    </ClInclude>
    <ClInclude Include="IFCReaderGen.h">
      <Filter>IFC</Filter>
    </ClInclude>
    <ClInclude Include="IFCUtil.h">
      <Filter>IFC</Filter>
    </ClInclude>
    <ClInclude Include="STEPFile.h">
      <Filter>IFC</Filter>
    </ClInclude>
    <ClInclude Include="STEPFileReader.h">
      <Filter>IFC</Filter>
    </ClInclude>
    <ClInclude Include="XGLLoader.h">
      <Filter>XGL</Filter>
    </ClInclude>
    <ClInclude Include="irrXMLWrapper.h">
      <Filter>IrrXML</Filter>
    </ClInclude>
    <ClInclude Include="..\contrib\irrXML\CXMLReaderImpl.h">
      <Filter>IrrXML</Filter>
    </ClInclude>
    <ClInclude Include="..\contrib\irrXML\heapsort.h">
      <Filter>IrrXML</Filter>
    </ClInclude>
    <ClInclude Include="..\contrib\irrXML\irrArray.h">
      <Filter>IrrXML</Filter>
    </ClInclude>
    <ClInclude Include="..\contrib\irrXML\irrString.h">
      <Filter>IrrXML</Filter>
    </ClInclude>
    <ClInclude Include="..\contrib\irrXML\irrTypes.h">
      <Filter>IrrXML</Filter>
    </ClInclude>
    <ClInclude Include="..\contrib\irrXML\irrXML.h">
      <Filter>IrrXML</Filter>
    </ClInclude>
    <ClInclude Include="..\contrib\ConvertUTF\ConvertUTF.h">
      <Filter>ConvertUTF</Filter>
    </ClInclude>
    <ClInclude Include="..\contrib\unzip\crypt.h">
      <Filter>unzip</Filter>
    </ClInclude>
    <ClInclude Include="..\contrib\unzip\ioapi.h">
      <Filter>unzip</Filter>
    </ClInclude>
    <ClInclude Include="..\contrib\unzip\unzip.h">
      <Filter>unzip</Filter>
    </ClInclude>
    <ClInclude Include="..\contrib\poly2tri\poly2tri\common\shapes.h">
      <Filter>Poly2Tri</Filter>
    </ClInclude>
    <ClInclude Include="..\contrib\poly2tri\poly2tri\common\utils.h">
      <Filter>Poly2Tri</Filter>
    </ClInclude>
    <ClInclude Include="..\contrib\poly2tri\poly2tri\sweep\advancing_front.h">
      <Filter>Poly2Tri</Filter>
    </ClInclude>
    <ClInclude Include="..\contrib\poly2tri\poly2tri\sweep\cdt.h">
      <Filter>Poly2Tri</Filter>
    </ClInclude>
    <ClInclude Include="..\contrib\poly2tri\poly2tri\sweep\sweep.h">
      <Filter>Poly2Tri</Filter>
    </ClInclude>
    <ClInclude Include="..\contrib\poly2tri\poly2tri\sweep\sweep_context.h">
      <Filter>Poly2Tri</Filter>
    </ClInclude>
    <ClInclude Include="..\contrib\clipper\clipper.hpp">
      <Filter>Clipper</Filter>
    </ClInclude>
    <ClInclude Include="BoostWorkaround\boost\math\common_factor_rt.hpp">
      <Filter>Boost</Filter>
    </ClInclude>
    <ClInclude Include="BoostWorkaround\boost\foreach.hpp">
      <Filter>Boost</Filter>
    </ClInclude>
    <ClInclude Include="BoostWorkaround\boost\format.hpp">
      <Filter>Boost</Filter>
    </ClInclude>
    <ClInclude Include="BoostWorkaround\boost\scoped_array.hpp">
      <Filter>Boost</Filter>
    </ClInclude>
    <ClInclude Include="BoostWorkaround\boost\scoped_ptr.hpp">
      <Filter>Boost</Filter>
    </ClInclude>
    <ClInclude Include="BoostWorkaround\boost\shared_array.hpp">
      <Filter>Boost</Filter>
    </ClInclude>
    <ClInclude Include="BoostWorkaround\boost\shared_ptr.hpp">
      <Filter>Boost</Filter>
    </ClInclude>
    <ClInclude Include="BoostWorkaround\boost\make_shared.hpp">
      <Filter>Boost</Filter>
    </ClInclude>
    <ClInclude Include="BoostWorkaround\boost\static_assert.hpp">
      <Filter>Boost</Filter>
    </ClInclude>
    <ClInclude Include="BoostWorkaround\boost\tuple\tuple.hpp">
      <Filter>Boost</Filter>
    </ClInclude>
    <ClInclude Include="..\include\assimp\anim.h">
      <Filter>Header Files</Filter>
    </ClInclude>
    <ClInclude Include="..\include\assimp\ai_assert.h">
      <Filter>Header Files</Filter>
    </ClInclude>
    <ClInclude Include="..\include\assimp\camera.h">
      <Filter>Header Files</Filter>
    </ClInclude>
    <ClInclude Include="..\include\assimp\color4.h">
      <Filter>Header Files</Filter>
    </ClInclude>
    <ClInclude Include="..\include\assimp\color4.inl">
      <Filter>Header Files</Filter>
    </ClInclude>
    <ClInclude Include="..\include\assimp\config.h">
      <Filter>Header Files</Filter>
    </ClInclude>
    <ClInclude Include="..\include\assimp\defs.h">
      <Filter>Header Files</Filter>
    </ClInclude>
    <ClInclude Include="..\include\assimp\cfileio.h">
      <Filter>Header Files</Filter>
    </ClInclude>
    <ClInclude Include="..\include\assimp\light.h">
      <Filter>Header Files</Filter>
    </ClInclude>
    <ClInclude Include="..\include\assimp\material.h">
      <Filter>Header Files</Filter>
    </ClInclude>
    <ClInclude Include="..\include\assimp\material.inl">
      <Filter>Header Files</Filter>
    </ClInclude>
    <ClInclude Include="..\include\assimp\matrix3x3.h">
      <Filter>Header Files</Filter>
    </ClInclude>
    <ClInclude Include="..\include\assimp\matrix3x3.inl">
      <Filter>Header Files</Filter>
    </ClInclude>
    <ClInclude Include="..\include\assimp\matrix4x4.h">
      <Filter>Header Files</Filter>
    </ClInclude>
    <ClInclude Include="..\include\assimp\matrix4x4.inl">
      <Filter>Header Files</Filter>
    </ClInclude>
    <ClInclude Include="..\include\assimp\mesh.h">
      <Filter>Header Files</Filter>
    </ClInclude>
    <ClInclude Include="..\include\assimp\postprocess.h">
      <Filter>Header Files</Filter>
    </ClInclude>
    <ClInclude Include="..\include\assimp\quaternion.h">
      <Filter>Header Files</Filter>
    </ClInclude>
    <ClInclude Include="..\include\assimp\quaternion.inl">
      <Filter>Header Files</Filter>
    </ClInclude>
    <ClInclude Include="..\include\assimp\scene.h">
      <Filter>Header Files</Filter>
    </ClInclude>
    <ClInclude Include="..\include\assimp\texture.h">
      <Filter>Header Files</Filter>
    </ClInclude>
    <ClInclude Include="..\include\assimp\types.h">
      <Filter>Header Files</Filter>
    </ClInclude>
    <ClInclude Include="..\include\assimp\vector2.h">
      <Filter>Header Files</Filter>
    </ClInclude>
    <ClInclude Include="..\include\assimp\vector2.inl">
      <Filter>Header Files</Filter>
    </ClInclude>
    <ClInclude Include="..\include\assimp\vector3.h">
      <Filter>Header Files</Filter>
    </ClInclude>
    <ClInclude Include="..\include\assimp\vector3.inl">
      <Filter>Header Files</Filter>
    </ClInclude>
    <ClInclude Include="..\include\assimp\version.h">
      <Filter>Header Files</Filter>
    </ClInclude>
    <ClInclude Include="..\include\assimp\cimport.h">
      <Filter>Header Files</Filter>
    </ClInclude>
    <ClInclude Include="..\include\assimp\importerdesc.h">
      <Filter>Header Files</Filter>
    </ClInclude>
    <ClInclude Include="..\include\assimp\Importer.hpp">
      <Filter>Header Files</Filter>
    </ClInclude>
    <ClInclude Include="..\include\assimp\ProgressHandler.hpp">
      <Filter>Header Files</Filter>
    </ClInclude>
    <ClInclude Include="..\include\assimp\IOSystem.hpp">
      <Filter>Header Files</Filter>
    </ClInclude>
    <ClInclude Include="..\include\assimp\cexport.h">
      <Filter>Header Files</Filter>
    </ClInclude>
    <ClInclude Include="..\include\assimp\Exporter.hpp">
      <Filter>Header Files</Filter>
    </ClInclude>
    <ClInclude Include="..\include\assimp\Compiler\pushpack1.h">
      <Filter>Compiler</Filter>
    </ClInclude>
    <ClInclude Include="..\include\assimp\Compiler\poppack1.h">
      <Filter>Compiler</Filter>
    </ClInclude>
    <ClInclude Include="pstdint.h">
      <Filter>Compiler</Filter>
    </ClInclude>
  </ItemGroup>
  <ItemGroup>
    <CustomBuild Include="CMakeLists.txt" />
  </ItemGroup>
  <ItemGroup>
    <Filter Include="Source Files">
      <UniqueIdentifier>{033A7AB0-8D86-47E3-91F8-EA8BD98983EE}</UniqueIdentifier>
    </Filter>
    <Filter Include="Header Files">
      <UniqueIdentifier>{D14CD27C-CE1A-405A-9548-FFEF19C5331B}</UniqueIdentifier>
    </Filter>
    <Filter Include="Compiler">
      <UniqueIdentifier>{A296E98E-EBA3-4247-A6AE-F9AA981E06AA}</UniqueIdentifier>
    </Filter>
    <Filter Include="Boost">
      <UniqueIdentifier>{322177A0-D3EC-461A-86A8-D9DD97483A5E}</UniqueIdentifier>
    </Filter>
    <Filter Include="Logging">
      <UniqueIdentifier>{81C78328-13DA-4598-94BF-7D08F95ED0B2}</UniqueIdentifier>
    </Filter>
    <Filter Include="Common">
      <UniqueIdentifier>{E8DE5FED-E314-46FD-B0B9-B9CC5112BBB0}</UniqueIdentifier>
    </Filter>
    <Filter Include="3DS">
      <UniqueIdentifier>{FD30A34A-BD74-410C-9715-BF72FDA42FFE}</UniqueIdentifier>
    </Filter>
    <Filter Include="AC">
      <UniqueIdentifier>{8AAA361B-6A40-411E-9758-A1AA77CF00C9}</UniqueIdentifier>
    </Filter>
    <Filter Include="ASE">
      <UniqueIdentifier>{C1B1C400-9EB4-4282-AEB1-54C4E8C40442}</UniqueIdentifier>
    </Filter>
    <Filter Include="B3D">
      <UniqueIdentifier>{BDF2E0B6-F497-4812-A1FD-05C26F20D713}</UniqueIdentifier>
    </Filter>
    <Filter Include="BVH">
      <UniqueIdentifier>{641F9C25-8897-415A-B03C-72AE5B2B3040}</UniqueIdentifier>
    </Filter>
    <Filter Include="Collada">
      <UniqueIdentifier>{39611702-2E72-41C1-9CCA-C195157E2AC5}</UniqueIdentifier>
    </Filter>
    <Filter Include="DXF">
      <UniqueIdentifier>{74B2F421-8C52-4A2C-8506-07D82865DAFF}</UniqueIdentifier>
    </Filter>
    <Filter Include="CSM">
      <UniqueIdentifier>{CB9A1D1D-739C-4AC9-AB97-16BFE0F693CE}</UniqueIdentifier>
    </Filter>
    <Filter Include="HMP">
      <UniqueIdentifier>{CEA26A8C-6A8F-4FEE-81B9-08A21FFD703A}</UniqueIdentifier>
    </Filter>
    <Filter Include="Irr">
      <UniqueIdentifier>{AE8FBACF-674B-415B-97E8-5B065AF800DC}</UniqueIdentifier>
    </Filter>
    <Filter Include="LWO">
      <UniqueIdentifier>{2AD28859-C9A0-46E6-BBC6-71D90CB02766}</UniqueIdentifier>
    </Filter>
    <Filter Include="LWS">
      <UniqueIdentifier>{03A4055D-4D86-4A2C-AD60-BEBB4C9960A8}</UniqueIdentifier>
    </Filter>
    <Filter Include="M3">
      <UniqueIdentifier>{FBB1643D-A4E1-46C8-9867-47F694DB39C6}</UniqueIdentifier>
    </Filter>
    <Filter Include="MD2">
      <UniqueIdentifier>{2F6F97B7-C867-4F91-BEEE-002CD97B8A95}</UniqueIdentifier>
    </Filter>
    <Filter Include="MD3">
      <UniqueIdentifier>{9AB3F567-2EC3-44E5-8459-218B9C3EA9E7}</UniqueIdentifier>
    </Filter>
    <Filter Include="MD5">
      <UniqueIdentifier>{A0D43114-F69D-49FC-B182-142FC3B60B92}</UniqueIdentifier>
    </Filter>
    <Filter Include="MDC">
      <UniqueIdentifier>{47417489-4E41-4794-8FC9-6ED8C6CC82D1}</UniqueIdentifier>
    </Filter>
    <Filter Include="MDL">
      <UniqueIdentifier>{2CE86D0B-FFD8-4346-8554-4F8302243BD0}</UniqueIdentifier>
    </Filter>
    <Filter Include="MaterialSystem">
      <UniqueIdentifier>{52637DE0-9149-4D5D-8E71-D612C1FF3EBE}</UniqueIdentifier>
    </Filter>
    <Filter Include="NFF">
      <UniqueIdentifier>{7B7ACFF3-5841-4B42-AA93-CAD74F64252A}</UniqueIdentifier>
    </Filter>
    <Filter Include="NDO">
      <UniqueIdentifier>{CB9FC105-DA94-4AD1-A6B2-925B85C911FE}</UniqueIdentifier>
    </Filter>
    <Filter Include="OFFFormat">
      <UniqueIdentifier>{6A8F27D1-6D5E-4E2B-9094-4B945D2DF6E4}</UniqueIdentifier>
    </Filter>
    <Filter Include="Obj">
      <UniqueIdentifier>{1C8FCECA-8EE0-49E7-88D8-DBA09E6A707D}</UniqueIdentifier>
    </Filter>
    <Filter Include="Ogre">
      <UniqueIdentifier>{E5DEED2B-A18C-495A-BA74-1A6240B3FBF3}</UniqueIdentifier>
    </Filter>
    <Filter Include="Ply">
      <UniqueIdentifier>{670604D3-DB5E-404C-86E3-A7E6C564CD50}</UniqueIdentifier>
    </Filter>
    <Filter Include="MS3D">
      <UniqueIdentifier>{93C43405-7BE1-41FD-BD30-C849F11F4D32}</UniqueIdentifier>
    </Filter>
    <Filter Include="COB">
      <UniqueIdentifier>{D715D8B8-78AF-481C-A29D-86C32534E9D6}</UniqueIdentifier>
    </Filter>
    <Filter Include="BLENDER">
      <UniqueIdentifier>{825BA30F-A71A-4360-96C9-7805EA7B23E5}</UniqueIdentifier>
    </Filter>
    <Filter Include="IFC">
      <UniqueIdentifier>{2F77A50C-900A-40CE-BD28-10FED7E4D8C4}</UniqueIdentifier>
    </Filter>
    <Filter Include="XGL">
      <UniqueIdentifier>{F1563D01-C451-4A57-B54A-4EC4D1E943CF}</UniqueIdentifier>
    </Filter>
    <Filter Include="PostProcessing">
      <UniqueIdentifier>{A5E49D59-E1B0-454B-B0F5-B87C5D587398}</UniqueIdentifier>
    </Filter>
    <Filter Include="Q3D">
      <UniqueIdentifier>{F34E5B36-67AF-413D-83DA-FCD851442A7F}</UniqueIdentifier>
    </Filter>
    <Filter Include="Q3BSP">
      <UniqueIdentifier>{A575B729-1911-469A-A7AB-1183048C3F70}</UniqueIdentifier>
    </Filter>
    <Filter Include="Raw">
      <UniqueIdentifier>{1B7329B8-C12C-40D6-8F14-919901FE2E98}</UniqueIdentifier>
    </Filter>
    <Filter Include="SMD">
      <UniqueIdentifier>{B76DECE1-94CD-4420-8B09-ACBAA9061348}</UniqueIdentifier>
    </Filter>
    <Filter Include="STL">
      <UniqueIdentifier>{247AB644-7422-46A4-97C8-6FA3983AA450}</UniqueIdentifier>
    </Filter>
    <Filter Include="Unreal">
      <UniqueIdentifier>{18E5B336-DC05-4096-B513-9112B22CBEF8}</UniqueIdentifier>
    </Filter>
    <Filter Include="XFile">
      <UniqueIdentifier>{A2682F50-41D3-4872-8755-0A13AF8AD8D8}</UniqueIdentifier>
    </Filter>
    <Filter Include="Exporter">
      <UniqueIdentifier>{B2292A8D-1112-405D-AAF0-8042E67BFC9B}</UniqueIdentifier>
    </Filter>
    <Filter Include="Extra">
      <UniqueIdentifier>{117186C2-52D9-4D7A-A1D2-606D1E9E949F}</UniqueIdentifier>
    </Filter>
    <Filter Include="IrrXML">
      <UniqueIdentifier>{55B14E2C-8E9D-4AAA-8D89-761FEB245D7D}</UniqueIdentifier>
    </Filter>
    <Filter Include="ConvertUTF">
      <UniqueIdentifier>{EAD8552F-F9B7-470F-B230-A8B633A67C1C}</UniqueIdentifier>
    </Filter>
    <Filter Include="Clipper">
      <UniqueIdentifier>{25138426-CDA4-413F-ACCD-55DC0763E2F7}</UniqueIdentifier>
    </Filter>
    <Filter Include="Poly2Tri">
      <UniqueIdentifier>{A9A185DE-F1B1-49EE-8763-9FA47C842944}</UniqueIdentifier>
    </Filter>
    <Filter Include="unzip">
      <UniqueIdentifier>{8F8D469A-282C-4BE7-A00A-13871567EF7D}</UniqueIdentifier>
    </Filter>
  </ItemGroup>
</Project>
