<?xml version="1.0" encoding="utf-8"?>
<Project ToolsVersion="4.0" xmlns="http://schemas.microsoft.com/developer/msbuild/2003">
  <ItemGroup>
    <ClCompile Include="CompareDump.cpp">
      <Filter>Source Files</Filter>
    </ClCompile>
    <ClCompile Include="ImageExtractor.cpp">
      <Filter>Source Files</Filter>
    </ClCompile>
    <ClCompile Include="Main.cpp">
      <Filter>Source Files</Filter>
    </ClCompile>
    <ClCompile Include="WriteDumb.cpp">
      <Filter>Source Files</Filter>
    </ClCompile>
    <ClCompile Include="Info.cpp">
      <Filter>Source Files</Filter>
    </ClCompile>
    <ClCompile Include="Export.cpp">
      <Filter>Source Files</Filter>
    </ClCompile>
  </ItemGroup>
  <ItemGroup>
    <ClInclude Include="Main.h">
      <Filter>Header Files</Filter>
    </ClInclude>
    <ClInclude Include="resource.h">
      <Filter>Header Files</Filter>
    </ClInclude>
  </ItemGroup>
  <ItemGroup>
    <CustomBuild Include="CMakeLists.txt" />
  </ItemGroup>
  <ItemGroup>
    <ResourceCompile Include="assimp_cmd.rc">
      <Filter>Source Files</Filter>
    </ResourceCompile>
  </ItemGroup>
  <ItemGroup>
    <Filter Include="Source Files">
      <UniqueIdentifier>{033A7AB0-8D86-47E3-91F8-EA8BD98983EE}</UniqueIdentifier>
    </Filter>
    <Filter Include="Header Files">
      <UniqueIdentifier>{D14CD27C-CE1A-405A-9548-FFEF19C5331B}</UniqueIdentifier>
    </Filter>
  </ItemGroup>
</Project>
